
Microsoft Visual Studio Solution File, Format Version 12.00
# Visual Studio 14
VisualStudioVersion = 14.0.25420.1
MinimumVisualStudioVersion = 10.0.40219.1
Project("{FAE04EC0-301F-11D3-BF4B-00C04F79EFBC}") = "SimulatedSensors", "SimulatedSensors\SimulatedSensors.csproj", "{BB40B36F-BAF9-45E1-B333-352771318E9F}"
EndProject
Project("{FAE04EC0-301F-11D3-BF4B-00C04F79EFBC}") = "SimulatedSensors.Windows", "SimulatedSensors.Windows\SimulatedSensors.Windows.csproj", "{BA9CF85B-1D51-46D8-B6C2-7763C16F66E7}"
EndProject
Project("{FAE04EC0-301F-11D3-BF4B-00C04F79EFBC}") = "StressTestSimulator", "StressTestSimulator\StressTestSimulator.csproj", "{640571F7-7FF6-4884-81F3-44A7C44DFFD7}"
EndProject
Project("{FAE04EC0-301F-11D3-BF4B-00C04F79EFBC}") = "SimulatedSensors.Data", "SimulatedSensors.Data\SimulatedSensors.Data.csproj", "{354D293D-F072-4BE9-AAC7-D1040C721A29}"
EndProject
Global
	GlobalSection(SolutionConfigurationPlatforms) = preSolution
		Debug|Any CPU = Debug|Any CPU
		Release|Any CPU = Release|Any CPU
	EndGlobalSection
	GlobalSection(ProjectConfigurationPlatforms) = postSolution
		{BB40B36F-BAF9-45E1-B333-352771318E9F}.Debug|Any CPU.ActiveCfg = Debug|Any CPU
		{BB40B36F-BAF9-45E1-B333-352771318E9F}.Debug|Any CPU.Build.0 = Debug|Any CPU
		{BB40B36F-BAF9-45E1-B333-352771318E9F}.Release|Any CPU.ActiveCfg = Release|Any CPU
		{BB40B36F-BAF9-45E1-B333-352771318E9F}.Release|Any CPU.Build.0 = Release|Any CPU
		{BA9CF85B-1D51-46D8-B6C2-7763C16F66E7}.Debug|Any CPU.ActiveCfg = Debug|Any CPU
		{BA9CF85B-1D51-46D8-B6C2-7763C16F66E7}.Debug|Any CPU.Build.0 = Debug|Any CPU
		{BA9CF85B-1D51-46D8-B6C2-7763C16F66E7}.Release|Any CPU.ActiveCfg = Release|Any CPU
		{BA9CF85B-1D51-46D8-B6C2-7763C16F66E7}.Release|Any CPU.Build.0 = Release|Any CPU
		{640571F7-7FF6-4884-81F3-44A7C44DFFD7}.Debug|Any CPU.ActiveCfg = Debug|Any CPU
		{640571F7-7FF6-4884-81F3-44A7C44DFFD7}.Debug|Any CPU.Build.0 = Debug|Any CPU
		{640571F7-7FF6-4884-81F3-44A7C44DFFD7}.Release|Any CPU.ActiveCfg = Release|Any CPU
		{640571F7-7FF6-4884-81F3-44A7C44DFFD7}.Release|Any CPU.Build.0 = Release|Any CPU
		{354D293D-F072-4BE9-AAC7-D1040C721A29}.Debug|Any CPU.ActiveCfg = Debug|Any CPU
		{354D293D-F072-4BE9-AAC7-D1040C721A29}.Debug|Any CPU.Build.0 = Debug|Any CPU
		{354D293D-F072-4BE9-AAC7-D1040C721A29}.Release|Any CPU.ActiveCfg = Release|Any CPU
		{354D293D-F072-4BE9-AAC7-D1040C721A29}.Release|Any CPU.Build.0 = Release|Any CPU
	EndGlobalSection
	GlobalSection(SolutionProperties) = preSolution
		HideSolutionNode = FALSE
	EndGlobalSection
	GlobalSection(ExtensibilityGlobals) = postSolution
		EnterpriseLibraryConfigurationToolBinariesPathV6 = packages\EnterpriseLibrary.TransientFaultHandling.6.0.1304.0\lib\portable-net45+win+wp8
	EndGlobalSection
EndGlobal
